
Microsoft Visual Studio Solution File, Format Version 12.00
# Visual Studio Version 17
VisualStudioVersion = 17.2.32630.192
MinimumVisualStudioVersion = 10.0.40219.1
Project("{FAE04EC0-301F-11D3-BF4B-00C04F79EFBC}") = "HCDocker.API", "HCDocker.API\HCDocker.API.csproj", "{DB53F41C-BF22-4CAE-8517-1FA629858A46}"
EndProject
Global
	GlobalSection(SolutionConfigurationPlatforms) = preSolution
		Debug|Any CPU = Debug|Any CPU
		Release|Any CPU = Release|Any CPU
	EndGlobalSection
	GlobalSection(ProjectConfigurationPlatforms) = postSolution
		{DB53F41C-BF22-4CAE-8517-1FA629858A46}.Debug|Any CPU.ActiveCfg = Debug|Any CPU
		{DB53F41C-BF22-4CAE-8517-1FA629858A46}.Debug|Any CPU.Build.0 = Debug|Any CPU
		{DB53F41C-BF22-4CAE-8517-1FA629858A46}.Release|Any CPU.ActiveCfg = Release|Any CPU
		{DB53F41C-BF22-4CAE-8517-1FA629858A46}.Release|Any CPU.Build.0 = Release|Any CPU
	EndGlobalSection
	GlobalSection(SolutionProperties) = preSolution
		HideSolutionNode = FALSE
	EndGlobalSection
	GlobalSection(ExtensibilityGlobals) = postSolution
		SolutionGuid = {17E6F7A2-EFD5-4A8E-9F00-57B22B363CE4}
	EndGlobalSection
EndGlobal
